
Microsoft Visual Studio Solution File, Format Version 12.00
# Visual Studio 15
VisualStudioVersion = 15.0.28307.271
MinimumVisualStudioVersion = 10.0.40219.1
Project("{8BC9CEB8-8B4A-11D0-8D11-00A0C91BC942}") = "Week2BrandonLiuReviewProg4Fix", "Week2BrandonLiuReviewProg4Fix\Week2BrandonLiuReviewProg4Fix.vcxproj", "{8FCA220A-A804-4613-AB1B-304C69923022}"
EndProject
Global
	GlobalSection(SolutionConfigurationPlatforms) = preSolution
		Debug|x64 = Debug|x64
		Debug|x86 = Debug|x86
		Release|x64 = Release|x64
		Release|x86 = Release|x86
	EndGlobalSection
	GlobalSection(ProjectConfigurationPlatforms) = postSolution
		{8FCA220A-A804-4613-AB1B-304C69923022}.Debug|x64.ActiveCfg = Debug|x64
		{8FCA220A-A804-4613-AB1B-304C69923022}.Debug|x64.Build.0 = Debug|x64
		{8FCA220A-A804-4613-AB1B-304C69923022}.Debug|x86.ActiveCfg = Debug|Win32
		{8FCA220A-A804-4613-AB1B-304C69923022}.Debug|x86.Build.0 = Debug|Win32
		{8FCA220A-A804-4613-AB1B-304C69923022}.Release|x64.ActiveCfg = Release|x64
		{8FCA220A-A804-4613-AB1B-304C69923022}.Release|x64.Build.0 = Release|x64
		{8FCA220A-A804-4613-AB1B-304C69923022}.Release|x86.ActiveCfg = Release|Win32
		{8FCA220A-A804-4613-AB1B-304C69923022}.Release|x86.Build.0 = Release|Win32
	EndGlobalSection
	GlobalSection(SolutionProperties) = preSolution
		HideSolutionNode = FALSE
	EndGlobalSection
	GlobalSection(ExtensibilityGlobals) = postSolution
		SolutionGuid = {BBA0D61F-3F28-4BF6-ACED-B2EAB9B153D2}
	EndGlobalSection
EndGlobal
