
Microsoft Visual Studio Solution File, Format Version 12.00
# Visual Studio 15
VisualStudioVersion = 15.0.28307.329
MinimumVisualStudioVersion = 10.0.40219.1
Project("{8BC9CEB8-8B4A-11D0-8D11-00A0C91BC942}") = "Week4BrandonLiuProg6Box", "Week4BrandonLiuProg6Box\Week4BrandonLiuProg6Box.vcxproj", "{6DDECDAF-443F-4565-9C90-C6DC9D6319B8}"
EndProject
Global
	GlobalSection(SolutionConfigurationPlatforms) = preSolution
		Debug|x64 = Debug|x64
		Debug|x86 = Debug|x86
		Release|x64 = Release|x64
		Release|x86 = Release|x86
	EndGlobalSection
	GlobalSection(ProjectConfigurationPlatforms) = postSolution
		{6DDECDAF-443F-4565-9C90-C6DC9D6319B8}.Debug|x64.ActiveCfg = Debug|x64
		{6DDECDAF-443F-4565-9C90-C6DC9D6319B8}.Debug|x64.Build.0 = Debug|x64
		{6DDECDAF-443F-4565-9C90-C6DC9D6319B8}.Debug|x86.ActiveCfg = Debug|Win32
		{6DDECDAF-443F-4565-9C90-C6DC9D6319B8}.Debug|x86.Build.0 = Debug|Win32
		{6DDECDAF-443F-4565-9C90-C6DC9D6319B8}.Release|x64.ActiveCfg = Release|x64
		{6DDECDAF-443F-4565-9C90-C6DC9D6319B8}.Release|x64.Build.0 = Release|x64
		{6DDECDAF-443F-4565-9C90-C6DC9D6319B8}.Release|x86.ActiveCfg = Release|Win32
		{6DDECDAF-443F-4565-9C90-C6DC9D6319B8}.Release|x86.Build.0 = Release|Win32
	EndGlobalSection
	GlobalSection(SolutionProperties) = preSolution
		HideSolutionNode = FALSE
	EndGlobalSection
	GlobalSection(ExtensibilityGlobals) = postSolution
		SolutionGuid = {AE143585-8AF0-4CC7-B8CC-6C5D912B55CF}
	EndGlobalSection
EndGlobal
