
Microsoft Visual Studio Solution File, Format Version 12.00
# Visual Studio 15
VisualStudioVersion = 15.0.28307.572
MinimumVisualStudioVersion = 10.0.40219.1
Project("{8BC9CEB8-8B4A-11D0-8D11-00A0C91BC942}") = "Week17BrandonLiuProg4", "Week17BrandonLiuProg4\Week17BrandonLiuProg4.vcxproj", "{6C064A17-AE04-4712-AA6E-E3045AE40263}"
EndProject
Global
	GlobalSection(SolutionConfigurationPlatforms) = preSolution
		Debug|x64 = Debug|x64
		Debug|x86 = Debug|x86
		Release|x64 = Release|x64
		Release|x86 = Release|x86
	EndGlobalSection
	GlobalSection(ProjectConfigurationPlatforms) = postSolution
		{6C064A17-AE04-4712-AA6E-E3045AE40263}.Debug|x64.ActiveCfg = Debug|x64
		{6C064A17-AE04-4712-AA6E-E3045AE40263}.Debug|x64.Build.0 = Debug|x64
		{6C064A17-AE04-4712-AA6E-E3045AE40263}.Debug|x86.ActiveCfg = Debug|Win32
		{6C064A17-AE04-4712-AA6E-E3045AE40263}.Debug|x86.Build.0 = Debug|Win32
		{6C064A17-AE04-4712-AA6E-E3045AE40263}.Release|x64.ActiveCfg = Release|x64
		{6C064A17-AE04-4712-AA6E-E3045AE40263}.Release|x64.Build.0 = Release|x64
		{6C064A17-AE04-4712-AA6E-E3045AE40263}.Release|x86.ActiveCfg = Release|Win32
		{6C064A17-AE04-4712-AA6E-E3045AE40263}.Release|x86.Build.0 = Release|Win32
	EndGlobalSection
	GlobalSection(SolutionProperties) = preSolution
		HideSolutionNode = FALSE
	EndGlobalSection
	GlobalSection(ExtensibilityGlobals) = postSolution
		SolutionGuid = {C8E0011C-AF13-45C8-842F-9B9C03FB09D6}
	EndGlobalSection
EndGlobal
